// !$*UTF8*$!
{
	archiveVersion = 1;
	classes = {
	};
	objectVersion = 55;
	objects = {

/* Begin PBXBuildFile section */
		3A7253552703B561001D4632 /* AppDelegate.swift in Sources */ = {isa = PBXBuildFile; fileRef = 3A7253542703B561001D4632 /* AppDelegate.swift */; };
		3A7253572703B561001D4632 /* SceneDelegate.swift in Sources */ = {isa = PBXBuildFile; fileRef = 3A7253562703B561001D4632 /* SceneDelegate.swift */; };
		3A72535E2703B562001D4632 /* Assets.xcassets in Resources */ = {isa = PBXBuildFile; fileRef = 3A72535D2703B562001D4632 /* Assets.xcassets */; };
		3A7253612703B562001D4632 /* LaunchScreen.storyboard in Resources */ = {isa = PBXBuildFile; fileRef = 3A72535F2703B562001D4632 /* LaunchScreen.storyboard */; };
		3A72536B2703CE2F001D4632 /* SearchViewController.swift in Sources */ = {isa = PBXBuildFile; fileRef = 3A7253692703CE2F001D4632 /* SearchViewController.swift */; };
		3A72536C2703CE2F001D4632 /* SearchViewController.xib in Resources */ = {isa = PBXBuildFile; fileRef = 3A72536A2703CE2F001D4632 /* SearchViewController.xib */; };
		3A7253712703D36F001D4632 /* ProductResultTableViewCell.swift in Sources */ = {isa = PBXBuildFile; fileRef = 3A72536F2703D36F001D4632 /* ProductResultTableViewCell.swift */; };
		3A7253722703D36F001D4632 /* ProductResultTableViewCell.xib in Resources */ = {isa = PBXBuildFile; fileRef = 3A7253702703D36F001D4632 /* ProductResultTableViewCell.xib */; };
		3A7253742703D4DD001D4632 /* APIClient.swift in Sources */ = {isa = PBXBuildFile; fileRef = 3A7253732703D4DD001D4632 /* APIClient.swift */; };
		3A7253762703D4F6001D4632 /* APIRouter.swift in Sources */ = {isa = PBXBuildFile; fileRef = 3A7253752703D4F6001D4632 /* APIRouter.swift */; };
		3A7253782703D534001D4632 /* Constants.swift in Sources */ = {isa = PBXBuildFile; fileRef = 3A7253772703D534001D4632 /* Constants.swift */; };
		3A72537D2703D96B001D4632 /* SearchViewModel.swift in Sources */ = {isa = PBXBuildFile; fileRef = 3A72537C2703D96B001D4632 /* SearchViewModel.swift */; };
		3A72537F2703DAC4001D4632 /* ProductDetailViewModel.swift in Sources */ = {isa = PBXBuildFile; fileRef = 3A72537E2703DAC4001D4632 /* ProductDetailViewModel.swift */; };
		3A7253822703DAE3001D4632 /* ProductDetailViewController.swift in Sources */ = {isa = PBXBuildFile; fileRef = 3A7253802703DAE3001D4632 /* ProductDetailViewController.swift */; };
		3A7253832703DAE3001D4632 /* ProductDetailViewController.xib in Resources */ = {isa = PBXBuildFile; fileRef = 3A7253812703DAE3001D4632 /* ProductDetailViewController.xib */; };
		3A7253852703E4EE001D4632 /* ProductResultCellViewModel.swift in Sources */ = {isa = PBXBuildFile; fileRef = 3A7253842703E4EE001D4632 /* ProductResultCellViewModel.swift */; };
		3A7253882705238D001D4632 /* Category.swift in Sources */ = {isa = PBXBuildFile; fileRef = 3A7253872705238D001D4632 /* Category.swift */; };
		3A72538A27053410001D4632 /* Product.swift in Sources */ = {isa = PBXBuildFile; fileRef = 3A72538927053410001D4632 /* Product.swift */; };
		4562FCD14692F9C1960227D8 /* Pods_job_readiness.framework in Frameworks */ = {isa = PBXBuildFile; fileRef = EC29BDF9AEC99CC95B929A70 /* Pods_job_readiness.framework */; };
/* End PBXBuildFile section */

/* Begin PBXFileReference section */
		20C123FB3FC9A950CA73D88E /* Pods-job-readiness.release.xcconfig */ = {isa = PBXFileReference; includeInIndex = 1; lastKnownFileType = text.xcconfig; name = "Pods-job-readiness.release.xcconfig"; path = "Target Support Files/Pods-job-readiness/Pods-job-readiness.release.xcconfig"; sourceTree = "<group>"; };
		3A7253512703B561001D4632 /* job-readiness.app */ = {isa = PBXFileReference; explicitFileType = wrapper.application; includeInIndex = 0; path = "job-readiness.app"; sourceTree = BUILT_PRODUCTS_DIR; };
		3A7253542703B561001D4632 /* AppDelegate.swift */ = {isa = PBXFileReference; lastKnownFileType = sourcecode.swift; path = AppDelegate.swift; sourceTree = "<group>"; };
		3A7253562703B561001D4632 /* SceneDelegate.swift */ = {isa = PBXFileReference; lastKnownFileType = sourcecode.swift; path = SceneDelegate.swift; sourceTree = "<group>"; };
		3A72535D2703B562001D4632 /* Assets.xcassets */ = {isa = PBXFileReference; lastKnownFileType = folder.assetcatalog; path = Assets.xcassets; sourceTree = "<group>"; };
		3A7253602703B562001D4632 /* Base */ = {isa = PBXFileReference; lastKnownFileType = file.storyboard; name = Base; path = Base.lproj/LaunchScreen.storyboard; sourceTree = "<group>"; };
		3A7253622703B562001D4632 /* Info.plist */ = {isa = PBXFileReference; lastKnownFileType = text.plist.xml; path = Info.plist; sourceTree = "<group>"; };
		3A7253692703CE2F001D4632 /* SearchViewController.swift */ = {isa = PBXFileReference; lastKnownFileType = sourcecode.swift; path = SearchViewController.swift; sourceTree = "<group>"; };
		3A72536A2703CE2F001D4632 /* SearchViewController.xib */ = {isa = PBXFileReference; lastKnownFileType = file.xib; path = SearchViewController.xib; sourceTree = "<group>"; };
		3A72536F2703D36F001D4632 /* ProductResultTableViewCell.swift */ = {isa = PBXFileReference; lastKnownFileType = sourcecode.swift; path = ProductResultTableViewCell.swift; sourceTree = "<group>"; };
		3A7253702703D36F001D4632 /* ProductResultTableViewCell.xib */ = {isa = PBXFileReference; lastKnownFileType = file.xib; path = ProductResultTableViewCell.xib; sourceTree = "<group>"; };
		3A7253732703D4DD001D4632 /* APIClient.swift */ = {isa = PBXFileReference; lastKnownFileType = sourcecode.swift; path = APIClient.swift; sourceTree = "<group>"; };
		3A7253752703D4F6001D4632 /* APIRouter.swift */ = {isa = PBXFileReference; lastKnownFileType = sourcecode.swift; path = APIRouter.swift; sourceTree = "<group>"; };
		3A7253772703D534001D4632 /* Constants.swift */ = {isa = PBXFileReference; lastKnownFileType = sourcecode.swift; path = Constants.swift; sourceTree = "<group>"; };
		3A72537C2703D96B001D4632 /* SearchViewModel.swift */ = {isa = PBXFileReference; lastKnownFileType = sourcecode.swift; path = SearchViewModel.swift; sourceTree = "<group>"; };
		3A72537E2703DAC4001D4632 /* ProductDetailViewModel.swift */ = {isa = PBXFileReference; lastKnownFileType = sourcecode.swift; path = ProductDetailViewModel.swift; sourceTree = "<group>"; };
		3A7253802703DAE3001D4632 /* ProductDetailViewController.swift */ = {isa = PBXFileReference; lastKnownFileType = sourcecode.swift; path = ProductDetailViewController.swift; sourceTree = "<group>"; };
		3A7253812703DAE3001D4632 /* ProductDetailViewController.xib */ = {isa = PBXFileReference; lastKnownFileType = file.xib; path = ProductDetailViewController.xib; sourceTree = "<group>"; };
		3A7253842703E4EE001D4632 /* ProductResultCellViewModel.swift */ = {isa = PBXFileReference; lastKnownFileType = sourcecode.swift; path = ProductResultCellViewModel.swift; sourceTree = "<group>"; };
		3A7253872705238D001D4632 /* Category.swift */ = {isa = PBXFileReference; lastKnownFileType = sourcecode.swift; path = Category.swift; sourceTree = "<group>"; };
		3A72538927053410001D4632 /* Product.swift */ = {isa = PBXFileReference; lastKnownFileType = sourcecode.swift; path = Product.swift; sourceTree = "<group>"; };
		EC29BDF9AEC99CC95B929A70 /* Pods_job_readiness.framework */ = {isa = PBXFileReference; explicitFileType = wrapper.framework; includeInIndex = 0; path = Pods_job_readiness.framework; sourceTree = BUILT_PRODUCTS_DIR; };
		F7CE8377563D7854CA5A8E0B /* Pods-job-readiness.debug.xcconfig */ = {isa = PBXFileReference; includeInIndex = 1; lastKnownFileType = text.xcconfig; name = "Pods-job-readiness.debug.xcconfig"; path = "Target Support Files/Pods-job-readiness/Pods-job-readiness.debug.xcconfig"; sourceTree = "<group>"; };
/* End PBXFileReference section */

/* Begin PBXFrameworksBuildPhase section */
		3A72534E2703B561001D4632 /* Frameworks */ = {
			isa = PBXFrameworksBuildPhase;
			buildActionMask = 2147483647;
			files = (
				4562FCD14692F9C1960227D8 /* Pods_job_readiness.framework in Frameworks */,
			);
			runOnlyForDeploymentPostprocessing = 0;
		};
/* End PBXFrameworksBuildPhase section */

/* Begin PBXGroup section */
		3A7253482703B561001D4632 = {
			isa = PBXGroup;
			children = (
				3A7253532703B561001D4632 /* job-readiness */,
				3A7253522703B561001D4632 /* Products */,
				42246DF416BD5A9355C87CCA /* Pods */,
				441747B21667FFDACC3C3584 /* Frameworks */,
			);
			sourceTree = "<group>";
		};
		3A7253522703B561001D4632 /* Products */ = {
			isa = PBXGroup;
			children = (
				3A7253512703B561001D4632 /* job-readiness.app */,
			);
			name = Products;
			sourceTree = "<group>";
		};
		3A7253532703B561001D4632 /* job-readiness */ = {
			isa = PBXGroup;
			children = (
				3A72536E2703CEC4001D4632 /* Networking */,
				3A72536D2703CEA0001D4632 /* App */,
				3A7253682703CD7F001D4632 /* UI */,
				3A72535D2703B562001D4632 /* Assets.xcassets */,
				3A72535F2703B562001D4632 /* LaunchScreen.storyboard */,
				3A7253622703B562001D4632 /* Info.plist */,
			);
			path = "job-readiness";
			sourceTree = "<group>";
		};
		3A7253682703CD7F001D4632 /* UI */ = {
			isa = PBXGroup;
			children = (
				3A72538627052376001D4632 /* Model */,
				3A72537B2703D950001D4632 /* ProductDetail */,
				3A72537A2703D94A001D4632 /* Cells */,
				3A7253792703D941001D4632 /* Search */,
			);
			path = UI;
			sourceTree = "<group>";
		};
		3A72536D2703CEA0001D4632 /* App */ = {
			isa = PBXGroup;
			children = (
				3A7253542703B561001D4632 /* AppDelegate.swift */,
				3A7253562703B561001D4632 /* SceneDelegate.swift */,
				3A7253772703D534001D4632 /* Constants.swift */,
			);
			path = App;
			sourceTree = "<group>";
		};
		3A72536E2703CEC4001D4632 /* Networking */ = {
			isa = PBXGroup;
			children = (
				3A7253732703D4DD001D4632 /* APIClient.swift */,
				3A7253752703D4F6001D4632 /* APIRouter.swift */,
			);
			path = Networking;
			sourceTree = "<group>";
		};
		3A7253792703D941001D4632 /* Search */ = {
			isa = PBXGroup;
			children = (
				3A7253692703CE2F001D4632 /* SearchViewController.swift */,
				3A72536A2703CE2F001D4632 /* SearchViewController.xib */,
				3A72537C2703D96B001D4632 /* SearchViewModel.swift */,
			);
			path = Search;
			sourceTree = "<group>";
		};
		3A72537A2703D94A001D4632 /* Cells */ = {
			isa = PBXGroup;
			children = (
				3A72536F2703D36F001D4632 /* ProductResultTableViewCell.swift */,
				3A7253702703D36F001D4632 /* ProductResultTableViewCell.xib */,
				3A7253842703E4EE001D4632 /* ProductResultCellViewModel.swift */,
			);
			path = Cells;
			sourceTree = "<group>";
		};
		3A72537B2703D950001D4632 /* ProductDetail */ = {
			isa = PBXGroup;
			children = (
				3A72537E2703DAC4001D4632 /* ProductDetailViewModel.swift */,
				3A7253802703DAE3001D4632 /* ProductDetailViewController.swift */,
				3A7253812703DAE3001D4632 /* ProductDetailViewController.xib */,
			);
			path = ProductDetail;
			sourceTree = "<group>";
		};
		3A72538627052376001D4632 /* Model */ = {
			isa = PBXGroup;
			children = (
				3A7253872705238D001D4632 /* Category.swift */,
				3A72538927053410001D4632 /* Product.swift */,
			);
			path = Model;
			sourceTree = "<group>";
		};
		42246DF416BD5A9355C87CCA /* Pods */ = {
			isa = PBXGroup;
			children = (
				F7CE8377563D7854CA5A8E0B /* Pods-job-readiness.debug.xcconfig */,
				20C123FB3FC9A950CA73D88E /* Pods-job-readiness.release.xcconfig */,
			);
			path = Pods;
			sourceTree = "<group>";
		};
		441747B21667FFDACC3C3584 /* Frameworks */ = {
			isa = PBXGroup;
			children = (
				EC29BDF9AEC99CC95B929A70 /* Pods_job_readiness.framework */,
			);
			name = Frameworks;
			sourceTree = "<group>";
		};
/* End PBXGroup section */

/* Begin PBXNativeTarget section */
		3A7253502703B561001D4632 /* job-readiness */ = {
			isa = PBXNativeTarget;
			buildConfigurationList = 3A7253652703B562001D4632 /* Build configuration list for PBXNativeTarget "job-readiness" */;
			buildPhases = (
				AA6B1D7B3D9622B5789C8C44 /* [CP] Check Pods Manifest.lock */,
				3A72534D2703B561001D4632 /* Sources */,
				3A72534E2703B561001D4632 /* Frameworks */,
				3A72534F2703B561001D4632 /* Resources */,
				E296372BB0E1A1DC78C8ED50 /* [CP] Embed Pods Frameworks */,
			);
			buildRules = (
			);
			dependencies = (
			);
			name = "job-readiness";
			productName = "job-readiness";
			productReference = 3A7253512703B561001D4632 /* job-readiness.app */;
			productType = "com.apple.product-type.application";
		};
/* End PBXNativeTarget section */

/* Begin PBXProject section */
		3A7253492703B561001D4632 /* Project object */ = {
			isa = PBXProject;
			attributes = {
				BuildIndependentTargetsInParallel = 1;
				LastSwiftUpdateCheck = 1300;
				LastUpgradeCheck = 1300;
				TargetAttributes = {
					3A7253502703B561001D4632 = {
						CreatedOnToolsVersion = 13.0;
					};
				};
			};
			buildConfigurationList = 3A72534C2703B561001D4632 /* Build configuration list for PBXProject "job-readiness" */;
			compatibilityVersion = "Xcode 13.0";
			developmentRegion = en;
			hasScannedForEncodings = 0;
			knownRegions = (
				en,
				Base,
			);
			mainGroup = 3A7253482703B561001D4632;
			productRefGroup = 3A7253522703B561001D4632 /* Products */;
			projectDirPath = "";
			projectRoot = "";
			targets = (
				3A7253502703B561001D4632 /* job-readiness */,
			);
		};
/* End PBXProject section */

/* Begin PBXResourcesBuildPhase section */
		3A72534F2703B561001D4632 /* Resources */ = {
			isa = PBXResourcesBuildPhase;
			buildActionMask = 2147483647;
			files = (
				3A7253612703B562001D4632 /* LaunchScreen.storyboard in Resources */,
				3A72535E2703B562001D4632 /* Assets.xcassets in Resources */,
				3A7253722703D36F001D4632 /* ProductResultTableViewCell.xib in Resources */,
				3A7253832703DAE3001D4632 /* ProductDetailViewController.xib in Resources */,
				3A72536C2703CE2F001D4632 /* SearchViewController.xib in Resources */,
			);
			runOnlyForDeploymentPostprocessing = 0;
		};
/* End PBXResourcesBuildPhase section */

/* Begin PBXShellScriptBuildPhase section */
		AA6B1D7B3D9622B5789C8C44 /* [CP] Check Pods Manifest.lock */ = {
			isa = PBXShellScriptBuildPhase;
			buildActionMask = 2147483647;
			files = (
			);
			inputFileListPaths = (
			);
			inputPaths = (
				"${PODS_PODFILE_DIR_PATH}/Podfile.lock",
				"${PODS_ROOT}/Manifest.lock",
			);
			name = "[CP] Check Pods Manifest.lock";
			outputFileListPaths = (
			);
			outputPaths = (
				"$(DERIVED_FILE_DIR)/Pods-job-readiness-checkManifestLockResult.txt",
			);
			runOnlyForDeploymentPostprocessing = 0;
			shellPath = /bin/sh;
			shellScript = "diff \"${PODS_PODFILE_DIR_PATH}/Podfile.lock\" \"${PODS_ROOT}/Manifest.lock\" > /dev/null\nif [ $? != 0 ] ; then\n    # print error to STDERR\n    echo \"error: The sandbox is not in sync with the Podfile.lock. Run 'pod install' or update your CocoaPods installation.\" >&2\n    exit 1\nfi\n# This output is used by Xcode 'outputs' to avoid re-running this script phase.\necho \"SUCCESS\" > \"${SCRIPT_OUTPUT_FILE_0}\"\n";
			showEnvVarsInLog = 0;
		};
		E296372BB0E1A1DC78C8ED50 /* [CP] Embed Pods Frameworks */ = {
			isa = PBXShellScriptBuildPhase;
			buildActionMask = 2147483647;
			files = (
			);
			inputFileListPaths = (
				"${PODS_ROOT}/Target Support Files/Pods-job-readiness/Pods-job-readiness-frameworks-${CONFIGURATION}-input-files.xcfilelist",
			);
			name = "[CP] Embed Pods Frameworks";
			outputFileListPaths = (
				"${PODS_ROOT}/Target Support Files/Pods-job-readiness/Pods-job-readiness-frameworks-${CONFIGURATION}-output-files.xcfilelist",
			);
			runOnlyForDeploymentPostprocessing = 0;
			shellPath = /bin/sh;
			shellScript = "\"${PODS_ROOT}/Target Support Files/Pods-job-readiness/Pods-job-readiness-frameworks.sh\"\n";
			showEnvVarsInLog = 0;
		};
/* End PBXShellScriptBuildPhase section */

/* Begin PBXSourcesBuildPhase section */
		3A72534D2703B561001D4632 /* Sources */ = {
			isa = PBXSourcesBuildPhase;
			buildActionMask = 2147483647;
			files = (
				3A7253712703D36F001D4632 /* ProductResultTableViewCell.swift in Sources */,
				3A7253762703D4F6001D4632 /* APIRouter.swift in Sources */,
				3A72537D2703D96B001D4632 /* SearchViewModel.swift in Sources */,
				3A7253552703B561001D4632 /* AppDelegate.swift in Sources */,
				3A72536B2703CE2F001D4632 /* SearchViewController.swift in Sources */,
				3A7253782703D534001D4632 /* Constants.swift in Sources */,
				3A7253742703D4DD001D4632 /* APIClient.swift in Sources */,
				3A7253822703DAE3001D4632 /* ProductDetailViewController.swift in Sources */,
				3A7253852703E4EE001D4632 /* ProductResultCellViewModel.swift in Sources */,
				3A7253572703B561001D4632 /* SceneDelegate.swift in Sources */,
				3A72537F2703DAC4001D4632 /* ProductDetailViewModel.swift in Sources */,
				3A7253882705238D001D4632 /* Category.swift in Sources */,
				3A72538A27053410001D4632 /* Product.swift in Sources */,
			);
			runOnlyForDeploymentPostprocessing = 0;
		};
/* End PBXSourcesBuildPhase section */

/* Begin PBXVariantGroup section */
		3A72535F2703B562001D4632 /* LaunchScreen.storyboard */ = {
			isa = PBXVariantGroup;
			children = (
				3A7253602703B562001D4632 /* Base */,
			);
			name = LaunchScreen.storyboard;
			sourceTree = "<group>";
		};
/* End PBXVariantGroup section */

/* Begin XCBuildConfiguration section */
		3A7253632703B562001D4632 /* Debug */ = {
			isa = XCBuildConfiguration;
			buildSettings = {
				ALWAYS_SEARCH_USER_PATHS = NO;
				CLANG_ANALYZER_NONNULL = YES;
				CLANG_ANALYZER_NUMBER_OBJECT_CONVERSION = YES_AGGRESSIVE;
				CLANG_CXX_LANGUAGE_STANDARD = "gnu++17";
				CLANG_CXX_LIBRARY = "libc++";
				CLANG_ENABLE_MODULES = YES;
				CLANG_ENABLE_OBJC_ARC = YES;
				CLANG_ENABLE_OBJC_WEAK = YES;
				CLANG_WARN_BLOCK_CAPTURE_AUTORELEASING = YES;
				CLANG_WARN_BOOL_CONVERSION = YES;
				CLANG_WARN_COMMA = YES;
				CLANG_WARN_CONSTANT_CONVERSION = YES;
				CLANG_WARN_DEPRECATED_OBJC_IMPLEMENTATIONS = YES;
				CLANG_WARN_DIRECT_OBJC_ISA_USAGE = YES_ERROR;
				CLANG_WARN_DOCUMENTATION_COMMENTS = YES;
				CLANG_WARN_EMPTY_BODY = YES;
				CLANG_WARN_ENUM_CONVERSION = YES;
				CLANG_WARN_INFINITE_RECURSION = YES;
				CLANG_WARN_INT_CONVERSION = YES;
				CLANG_WARN_NON_LITERAL_NULL_CONVERSION = YES;
				CLANG_WARN_OBJC_IMPLICIT_RETAIN_SELF = YES;
				CLANG_WARN_OBJC_LITERAL_CONVERSION = YES;
				CLANG_WARN_OBJC_ROOT_CLASS = YES_ERROR;
				CLANG_WARN_QUOTED_INCLUDE_IN_FRAMEWORK_HEADER = YES;
				CLANG_WARN_RANGE_LOOP_ANALYSIS = YES;
				CLANG_WARN_STRICT_PROTOTYPES = YES;
				CLANG_WARN_SUSPICIOUS_MOVE = YES;
				CLANG_WARN_UNGUARDED_AVAILABILITY = YES_AGGRESSIVE;
				CLANG_WARN_UNREACHABLE_CODE = YES;
				CLANG_WARN__DUPLICATE_METHOD_MATCH = YES;
				COPY_PHASE_STRIP = NO;
				DEBUG_INFORMATION_FORMAT = dwarf;
				ENABLE_STRICT_OBJC_MSGSEND = YES;
				ENABLE_TESTABILITY = YES;
				GCC_C_LANGUAGE_STANDARD = gnu11;
				GCC_DYNAMIC_NO_PIC = NO;
				GCC_NO_COMMON_BLOCKS = YES;
				GCC_OPTIMIZATION_LEVEL = 0;
				GCC_PREPROCESSOR_DEFINITIONS = (
					"DEBUG=1",
					"$(inherited)",
				);
				GCC_WARN_64_TO_32_BIT_CONVERSION = YES;
				GCC_WARN_ABOUT_RETURN_TYPE = YES_ERROR;
				GCC_WARN_UNDECLARED_SELECTOR = YES;
				GCC_WARN_UNINITIALIZED_AUTOS = YES_AGGRESSIVE;
				GCC_WARN_UNUSED_FUNCTION = YES;
				GCC_WARN_UNUSED_VARIABLE = YES;
				IPHONEOS_DEPLOYMENT_TARGET = 15.0;
				MTL_ENABLE_DEBUG_INFO = INCLUDE_SOURCE;
				MTL_FAST_MATH = YES;
				ONLY_ACTIVE_ARCH = YES;
				SDKROOT = iphoneos;
				SWIFT_ACTIVE_COMPILATION_CONDITIONS = DEBUG;
				SWIFT_OPTIMIZATION_LEVEL = "-Onone";
			};
			name = Debug;
		};
		3A7253642703B562001D4632 /* Release */ = {
			isa = XCBuildConfiguration;
			buildSettings = {
				ALWAYS_SEARCH_USER_PATHS = NO;
				CLANG_ANALYZER_NONNULL = YES;
				CLANG_ANALYZER_NUMBER_OBJECT_CONVERSION = YES_AGGRESSIVE;
				CLANG_CXX_LANGUAGE_STANDARD = "gnu++17";
				CLANG_CXX_LIBRARY = "libc++";
				CLANG_ENABLE_MODULES = YES;
				CLANG_ENABLE_OBJC_ARC = YES;
				CLANG_ENABLE_OBJC_WEAK = YES;
				CLANG_WARN_BLOCK_CAPTURE_AUTORELEASING = YES;
				CLANG_WARN_BOOL_CONVERSION = YES;
				CLANG_WARN_COMMA = YES;
				CLANG_WARN_CONSTANT_CONVERSION = YES;
				CLANG_WARN_DEPRECATED_OBJC_IMPLEMENTATIONS = YES;
				CLANG_WARN_DIRECT_OBJC_ISA_USAGE = YES_ERROR;
				CLANG_WARN_DOCUMENTATION_COMMENTS = YES;
				CLANG_WARN_EMPTY_BODY = YES;
				CLANG_WARN_ENUM_CONVERSION = YES;
				CLANG_WARN_INFINITE_RECURSION = YES;
				CLANG_WARN_INT_CONVERSION = YES;
				CLANG_WARN_NON_LITERAL_NULL_CONVERSION = YES;
				CLANG_WARN_OBJC_IMPLICIT_RETAIN_SELF = YES;
				CLANG_WARN_OBJC_LITERAL_CONVERSION = YES;
				CLANG_WARN_OBJC_ROOT_CLASS = YES_ERROR;
				CLANG_WARN_QUOTED_INCLUDE_IN_FRAMEWORK_HEADER = YES;
				CLANG_WARN_RANGE_LOOP_ANALYSIS = YES;
				CLANG_WARN_STRICT_PROTOTYPES = YES;
				CLANG_WARN_SUSPICIOUS_MOVE = YES;
				CLANG_WARN_UNGUARDED_AVAILABILITY = YES_AGGRESSIVE;
				CLANG_WARN_UNREACHABLE_CODE = YES;
				CLANG_WARN__DUPLICATE_METHOD_MATCH = YES;
				COPY_PHASE_STRIP = NO;
				DEBUG_INFORMATION_FORMAT = "dwarf-with-dsym";
				ENABLE_NS_ASSERTIONS = NO;
				ENABLE_STRICT_OBJC_MSGSEND = YES;
				GCC_C_LANGUAGE_STANDARD = gnu11;
				GCC_NO_COMMON_BLOCKS = YES;
				GCC_WARN_64_TO_32_BIT_CONVERSION = YES;
				GCC_WARN_ABOUT_RETURN_TYPE = YES_ERROR;
				GCC_WARN_UNDECLARED_SELECTOR = YES;
				GCC_WARN_UNINITIALIZED_AUTOS = YES_AGGRESSIVE;
				GCC_WARN_UNUSED_FUNCTION = YES;
				GCC_WARN_UNUSED_VARIABLE = YES;
				IPHONEOS_DEPLOYMENT_TARGET = 15.0;
				MTL_ENABLE_DEBUG_INFO = NO;
				MTL_FAST_MATH = YES;
				SDKROOT = iphoneos;
				SWIFT_COMPILATION_MODE = wholemodule;
				SWIFT_OPTIMIZATION_LEVEL = "-O";
				VALIDATE_PRODUCT = YES;
			};
			name = Release;
		};
		3A7253662703B562001D4632 /* Debug */ = {
			isa = XCBuildConfiguration;
			baseConfigurationReference = F7CE8377563D7854CA5A8E0B /* Pods-job-readiness.debug.xcconfig */;
			buildSettings = {
				ASSETCATALOG_COMPILER_APPICON_NAME = AppIcon;
				ASSETCATALOG_COMPILER_GLOBAL_ACCENT_COLOR_NAME = AccentColor;
				CODE_SIGN_STYLE = Automatic;
				CURRENT_PROJECT_VERSION = 1;
				DEVELOPMENT_TEAM = SMS7LRW22H;
				GENERATE_INFOPLIST_FILE = YES;
				INFOPLIST_FILE = "job-readiness/Info.plist";
				INFOPLIST_KEY_UIApplicationSupportsIndirectInputEvents = YES;
				INFOPLIST_KEY_UILaunchStoryboardName = LaunchScreen;
				INFOPLIST_KEY_UISupportedInterfaceOrientations_iPad = "UIInterfaceOrientationPortrait UIInterfaceOrientationPortraitUpsideDown UIInterfaceOrientationLandscapeLeft UIInterfaceOrientationLandscapeRight";
				INFOPLIST_KEY_UISupportedInterfaceOrientations_iPhone = "UIInterfaceOrientationPortrait UIInterfaceOrientationLandscapeLeft UIInterfaceOrientationLandscapeRight";
				IPHONEOS_DEPLOYMENT_TARGET = 13.0;
				LD_RUNPATH_SEARCH_PATHS = (
					"$(inherited)",
					"@executable_path/Frameworks",
				);
				MARKETING_VERSION = 1.0;
				PRODUCT_BUNDLE_IDENTIFIER = "pabloq-meli.job-readiness";
				PRODUCT_NAME = "$(TARGET_NAME)";
				SWIFT_EMIT_LOC_STRINGS = YES;
				SWIFT_VERSION = 5.0;
				TARGETED_DEVICE_FAMILY = "1,2";
			};
			name = Debug;
		};
		3A7253672703B562001D4632 /* Release */ = {
			isa = XCBuildConfiguration;
			baseConfigurationReference = 20C123FB3FC9A950CA73D88E /* Pods-job-readiness.release.xcconfig */;
			buildSettings = {
				ASSETCATALOG_COMPILER_APPICON_NAME = AppIcon;
				ASSETCATALOG_COMPILER_GLOBAL_ACCENT_COLOR_NAME = AccentColor;
				CODE_SIGN_STYLE = Automatic;
				CURRENT_PROJECT_VERSION = 1;
				DEVELOPMENT_TEAM = SMS7LRW22H;
				GENERATE_INFOPLIST_FILE = YES;
				INFOPLIST_FILE = "job-readiness/Info.plist";
				INFOPLIST_KEY_UIApplicationSupportsIndirectInputEvents = YES;
				INFOPLIST_KEY_UILaunchStoryboardName = LaunchScreen;
				INFOPLIST_KEY_UISupportedInterfaceOrientations_iPad = "UIInterfaceOrientationPortrait UIInterfaceOrientationPortraitUpsideDown UIInterfaceOrientationLandscapeLeft UIInterfaceOrientationLandscapeRight";
				INFOPLIST_KEY_UISupportedInterfaceOrientations_iPhone = "UIInterfaceOrientationPortrait UIInterfaceOrientationLandscapeLeft UIInterfaceOrientationLandscapeRight";
				IPHONEOS_DEPLOYMENT_TARGET = 13.0;
				LD_RUNPATH_SEARCH_PATHS = (
					"$(inherited)",
					"@executable_path/Frameworks",
				);
				MARKETING_VERSION = 1.0;
				PRODUCT_BUNDLE_IDENTIFIER = "pabloq-meli.job-readiness";
				PRODUCT_NAME = "$(TARGET_NAME)";
				SWIFT_EMIT_LOC_STRINGS = YES;
				SWIFT_VERSION = 5.0;
				TARGETED_DEVICE_FAMILY = "1,2";
			};
			name = Release;
		};
/* End XCBuildConfiguration section */

/* Begin XCConfigurationList section */
		3A72534C2703B561001D4632 /* Build configuration list for PBXProject "job-readiness" */ = {
			isa = XCConfigurationList;
			buildConfigurations = (
				3A7253632703B562001D4632 /* Debug */,
				3A7253642703B562001D4632 /* Release */,
			);
			defaultConfigurationIsVisible = 0;
			defaultConfigurationName = Release;
		};
		3A7253652703B562001D4632 /* Build configuration list for PBXNativeTarget "job-readiness" */ = {
			isa = XCConfigurationList;
			buildConfigurations = (
				3A7253662703B562001D4632 /* Debug */,
				3A7253672703B562001D4632 /* Release */,
			);
			defaultConfigurationIsVisible = 0;
			defaultConfigurationName = Release;
		};
/* End XCConfigurationList section */
	};
	rootObject = 3A7253492703B561001D4632 /* Project object */;
}
